
Microsoft Visual Studio Solution File, Format Version 12.00
# Visual Studio Version 16
VisualStudioVersion = 16.0.31112.23
MinimumVisualStudioVersion = 10.0.40219.1
Project("{FAE04EC0-301F-11D3-BF4B-00C04F79EFBC}") = "TMDT_Nhom_05", "TMDT_Nhom_05\TMDT_Nhom_05.csproj", "{3B0CF4AF-82F6-4998-B1C2-49B3C3E0F9CD}"
EndProject
Global
	GlobalSection(SolutionConfigurationPlatforms) = preSolution
		Debug|Any CPU = Debug|Any CPU
		Release|Any CPU = Release|Any CPU
	EndGlobalSection
	GlobalSection(ProjectConfigurationPlatforms) = postSolution
		{3B0CF4AF-82F6-4998-B1C2-49B3C3E0F9CD}.Debug|Any CPU.ActiveCfg = Debug|Any CPU
		{3B0CF4AF-82F6-4998-B1C2-49B3C3E0F9CD}.Debug|Any CPU.Build.0 = Debug|Any CPU
		{3B0CF4AF-82F6-4998-B1C2-49B3C3E0F9CD}.Release|Any CPU.ActiveCfg = Release|Any CPU
		{3B0CF4AF-82F6-4998-B1C2-49B3C3E0F9CD}.Release|Any CPU.Build.0 = Release|Any CPU
	EndGlobalSection
	GlobalSection(SolutionProperties) = preSolution
		HideSolutionNode = FALSE
	EndGlobalSection
	GlobalSection(ExtensibilityGlobals) = postSolution
		SolutionGuid = {F7359581-8877-45E1-8917-C496CF039E6E}
	EndGlobalSection
EndGlobal
